
Microsoft Visual Studio Solution File, Format Version 12.00
# Visual Studio Version 17
VisualStudioVersion = 17.14.36414.22 d17.14
MinimumVisualStudioVersion = 10.0.40219.1
Project("{FAE04EC0-301F-11D3-BF4B-00C04F79EFBC}") = "HomeworkDemoApp", "HomeworkDemoApp.csproj", "{90D13F8B-659C-47FD-B9A5-48B42154BAD2}"
EndProject
Global
	GlobalSection(SolutionConfigurationPlatforms) = preSolution
		Debug|Any CPU = Debug|Any CPU
		Release|Any CPU = Release|Any CPU
	EndGlobalSection
	GlobalSection(ProjectConfigurationPlatforms) = postSolution
		{90D13F8B-659C-47FD-B9A5-48B42154BAD2}.Debug|Any CPU.ActiveCfg = Debug|Any CPU
		{90D13F8B-659C-47FD-B9A5-48B42154BAD2}.Debug|Any CPU.Build.0 = Debug|Any CPU
		{90D13F8B-659C-47FD-B9A5-48B42154BAD2}.Release|Any CPU.ActiveCfg = Release|Any CPU
		{90D13F8B-659C-47FD-B9A5-48B42154BAD2}.Release|Any CPU.Build.0 = Release|Any CPU
	EndGlobalSection
	GlobalSection(SolutionProperties) = preSolution
		HideSolutionNode = FALSE
	EndGlobalSection
	GlobalSection(ExtensibilityGlobals) = postSolution
		SolutionGuid = {32C7533F-F56B-4509-BD00-9FBB9C479A35}
	EndGlobalSection
EndGlobal
